
Microsoft Visual Studio Solution File, Format Version 12.00
# Visual Studio Version 16
VisualStudioVersion = 16.0.31321.278
MinimumVisualStudioVersion = 10.0.40219.1
Project("{FAE04EC0-301F-11D3-BF4B-00C04F79EFBC}") = "BoBo2D_Eyal_Gal", "BoBo2D_Eyal_Gal\BoBo2D_Eyal_Gal.csproj", "{77226B2B-2C85-4285-91D7-FAA2F743DDD2}"
EndProject
Global
	GlobalSection(SolutionConfigurationPlatforms) = preSolution
		Debug|Any CPU = Debug|Any CPU
		Release|Any CPU = Release|Any CPU
	EndGlobalSection
	GlobalSection(ProjectConfigurationPlatforms) = postSolution
		{77226B2B-2C85-4285-91D7-FAA2F743DDD2}.Debug|Any CPU.ActiveCfg = Debug|Any CPU
		{77226B2B-2C85-4285-91D7-FAA2F743DDD2}.Debug|Any CPU.Build.0 = Debug|Any CPU
		{77226B2B-2C85-4285-91D7-FAA2F743DDD2}.Release|Any CPU.ActiveCfg = Release|Any CPU
		{77226B2B-2C85-4285-91D7-FAA2F743DDD2}.Release|Any CPU.Build.0 = Release|Any CPU
	EndGlobalSection
	GlobalSection(SolutionProperties) = preSolution
		HideSolutionNode = FALSE
	EndGlobalSection
	GlobalSection(ExtensibilityGlobals) = postSolution
		SolutionGuid = {098AD22A-FB82-4B56-A556-486316785CA6}
	EndGlobalSection
EndGlobal
